{
  "name": "prerender-file-cache",
  "version": "1.0.0",
  "lockfileVersion": 1,
  "requires": true,
  "dependencies": {
    "async-disk-cache": {
      "version": "1.3.4",
      "resolved": "https://registry.npmjs.org/async-disk-cache/-/async-disk-cache-1.3.4.tgz",
      "integrity": "sha512-qsIvGJ/XYZ5bSGf5vHt2aEQHZnyuehmk/+51rCJhpkZl4LtvOZ+STbhLbdFAJGYO+dLzUT5Bb4nLKqHBX83vhw==",
      "requires": {
        "debug": "^2.1.3",
        "heimdalljs": "^0.2.3",
        "istextorbinary": "2.1.0",
        "mkdirp": "^0.5.0",
        "rimraf": "^2.5.3",
        "rsvp": "^3.0.18",
        "username-sync": "^1.0.2"
      }
    },
    "balanced-match": {
      "version": "1.0.0",
      "resolved": "https://registry.npmjs.org/balanced-match/-/balanced-match-1.0.0.tgz",
      "integrity": "sha1-ibTRmasr7kneFk6gK4nORi1xt2c="
    },
    "binaryextensions": {
      "version": "2.1.2",
      "resolved": "https://registry.npmjs.org/binaryextensions/-/binaryextensions-2.1.2.tgz",
      "integrity": "sha512-xVNN69YGDghOqCCtA6FI7avYrr02mTJjOgB0/f1VPD3pJC8QEvjTKWc4epDx8AqxxA75NI0QpVM2gPJXUbE4Tg=="
    },
    "brace-expansion": {
      "version": "1.1.11",
      "resolved": "https://registry.npmjs.org/brace-expansion/-/brace-expansion-1.1.11.tgz",
      "integrity": "sha512-iCuPHDFgrHX7H2vEI/5xpz07zSHB00TpugqhmYtVmMO6518mCuRMoOYFldEBl0g187ufozdaHgWKcYFb61qGiA==",
      "requires": {
        "balanced-match": "^1.0.0",
        "concat-map": "0.0.1"
      }
    },
    "concat-map": {
      "version": "0.0.1",
      "resolved": "https://registry.npmjs.org/concat-map/-/concat-map-0.0.1.tgz",
      "integrity": "sha1-2Klr13/Wjfd5OnMDajug1UBdR3s="
    },
    "debug": {
      "version": "2.6.9",
      "resolved": "https://registry.npmjs.org/debug/-/debug-2.6.9.tgz",
      "integrity": "sha512-bC7ElrdJaJnPbAP+1EotYvqZsb3ecl5wi6Bfi6BJTUcNowp6cvspg0jXznRTKDjm/E7AdgFBVeAPVMNcKGsHMA==",
      "requires": {
        "ms": "2.0.0"
      }
    },
    "editions": {
      "version": "1.3.4",
      "resolved": "https://registry.npmjs.org/editions/-/editions-1.3.4.tgz",
      "integrity": "sha512-gzao+mxnYDzIysXKMQi/+M1mjy/rjestjg6OPoYTtI+3Izp23oiGZitsl9lPDPiTGXbcSIk1iJWhliSaglxnUg=="
    },
    "fs.realpath": {
      "version": "1.0.0",
      "resolved": "https://registry.npmjs.org/fs.realpath/-/fs.realpath-1.0.0.tgz",
      "integrity": "sha1-FQStJSMVjKpA20onh8sBQRmU6k8="
    },
    "glob": {
      "version": "7.1.4",
      "resolved": "https://registry.npmjs.org/glob/-/glob-7.1.4.tgz",
      "integrity": "sha512-hkLPepehmnKk41pUGm3sYxoFs/umurYfYJCerbXEyFIWcAzvpipAgVkBqqT9RBKMGjnq6kMuyYwha6csxbiM1A==",
      "requires": {
        "fs.realpath": "^1.0.0",
        "inflight": "^1.0.4",
        "inherits": "2",
        "minimatch": "^3.0.4",
        "once": "^1.3.0",
        "path-is-absolute": "^1.0.0"
      }
    },
    "heimdalljs": {
      "version": "0.2.6",
      "resolved": "https://registry.npmjs.org/heimdalljs/-/heimdalljs-0.2.6.tgz",
      "integrity": "sha512-o9bd30+5vLBvBtzCPwwGqpry2+n0Hi6H1+qwt6y+0kwRHGGF8TFIhJPmnuM0xO97zaKrDZMwO/V56fAnn8m/tA==",
      "requires": {
        "rsvp": "~3.2.1"
      },
      "dependencies": {
        "rsvp": {
          "version": "3.2.1",
          "resolved": "https://registry.npmjs.org/rsvp/-/rsvp-3.2.1.tgz",
          "integrity": "sha1-B8tKXfJa3Z6Cbrxn3Mn9idsn2Eo="
        }
      }
    },
    "inflight": {
      "version": "1.0.6",
      "resolved": "https://registry.npmjs.org/inflight/-/inflight-1.0.6.tgz",
      "integrity": "sha1-Sb1jMdfQLQwJvJEKEHW6gWW1bfk=",
      "requires": {
        "once": "^1.3.0",
        "wrappy": "1"
      }
    },
    "inherits": {
      "version": "2.0.4",
      "resolved": "https://registry.npmjs.org/inherits/-/inherits-2.0.4.tgz",
      "integrity": "sha512-k/vGaX4/Yla3WzyMCvTQOXYeIHvqOKtnqBduzTHpzpQZzAskKMhZ2K+EnBiSM9zGSoIFeMpXKxa4dYeZIQqewQ=="
    },
    "istextorbinary": {
      "version": "2.1.0",
      "resolved": "https://registry.npmjs.org/istextorbinary/-/istextorbinary-2.1.0.tgz",
      "integrity": "sha1-2+0qb1G+L3R1to+JRlgRFBt1iHQ=",
      "requires": {
        "binaryextensions": "1 || 2",
        "editions": "^1.1.1",
        "textextensions": "1 || 2"
      }
    },
    "minimatch": {
      "version": "3.0.4",
      "resolved": "https://registry.npmjs.org/minimatch/-/minimatch-3.0.4.tgz",
      "integrity": "sha512-yJHVQEhyqPLUTgt9B83PXu6W3rx4MvvHvSUvToogpwoGDOUQ+yDrR0HRot+yOCdCO7u4hX3pWft6kWBBcqh0UA==",
      "requires": {
        "brace-expansion": "^1.1.7"
      }
    },
    "minimist": {
      "version": "0.0.8",
      "resolved": "https://registry.npmjs.org/minimist/-/minimist-0.0.8.tgz",
      "integrity": "sha1-hX/Kv8M5fSYluCKCYuhqp6ARsF0="
    },
    "mkdirp": {
      "version": "0.5.1",
      "resolved": "https://registry.npmjs.org/mkdirp/-/mkdirp-0.5.1.tgz",
      "integrity": "sha1-MAV0OOrGz3+MR2fzhkjWaX11yQM=",
      "requires": {
        "minimist": "0.0.8"
      }
    },
    "ms": {
      "version": "2.0.0",
      "resolved": "https://registry.npmjs.org/ms/-/ms-2.0.0.tgz",
      "integrity": "sha1-VgiurfwAvmwpAd9fmGF4jeDVl8g="
    },
    "once": {
      "version": "1.4.0",
      "resolved": "https://registry.npmjs.org/once/-/once-1.4.0.tgz",
      "integrity": "sha1-WDsap3WWHUsROsF9nFC6753Xa9E=",
      "requires": {
        "wrappy": "1"
      }
    },
    "path-is-absolute": {
      "version": "1.0.1",
      "resolved": "https://registry.npmjs.org/path-is-absolute/-/path-is-absolute-1.0.1.tgz",
      "integrity": "sha1-F0uSaHNVNP+8es5r9TpanhtcX18="
    },
    "rimraf": {
      "version": "2.6.3",
      "resolved": "https://registry.npmjs.org/rimraf/-/rimraf-2.6.3.tgz",
      "integrity": "sha512-mwqeW5XsA2qAejG46gYdENaxXjx9onRNCfn7L0duuP4hCuTIi/QO7PDK07KJfp1d+izWPrzEJDcSqBa0OZQriA==",
      "requires": {
        "glob": "^7.1.3"
      }
    },
    "rsvp": {
      "version": "3.6.2",
      "resolved": "https://registry.npmjs.org/rsvp/-/rsvp-3.6.2.tgz",
      "integrity": "sha512-OfWGQTb9vnwRjwtA2QwpG2ICclHC3pgXZO5xt8H2EfgDquO0qVdSb5T88L4qJVAEugbS56pAuV4XZM58UX8ulw=="
    },
    "textextensions": {
      "version": "2.4.0",
      "resolved": "https://registry.npmjs.org/textextensions/-/textextensions-2.4.0.tgz",
      "integrity": "sha512-qftQXnX1DzpSV8EddtHIT0eDDEiBF8ywhFYR2lI9xrGtxqKN+CvLXhACeCIGbCpQfxxERbrkZEFb8cZcDKbVZA=="
    },
    "username-sync": {
      "version": "1.0.2",
      "resolved": "https://registry.npmjs.org/username-sync/-/username-sync-1.0.2.tgz",
      "integrity": "sha512-ayNkOJdoNSGNDBE46Nkc+l6IXmeugbzahZLSMkwvgRWv5y5ZqNY2IrzcgmkR4z32sj1W3tM3TuTUMqkqBzO+RA=="
    },
    "wrappy": {
      "version": "1.0.2",
      "resolved": "https://registry.npmjs.org/wrappy/-/wrappy-1.0.2.tgz",
      "integrity": "sha1-tSQ9jz7BqjXxNkYFvA0QNuMKtp8="
    }
  }
}
